
Microsoft Visual Studio Solution File, Format Version 12.00
# Visual Studio 15
VisualStudioVersion = 15.0.27703.2047
MinimumVisualStudioVersion = 10.0.40219.1
Project("{2150E333-8FDC-42A3-9474-1A3956D46DE8}") = "Chapter01", "Chapter01", "{A780023F-F443-49B5-9749-68CCE60D97A9}"
EndProject
Project("{FAE04EC0-301F-11D3-BF4B-00C04F79EFBC}") = "IPAddressExample", "Chapter01\IPAddressExample\IPAddressExample.csproj", "{438C8A18-3E79-4A3C-AE6C-1A7DC4295BF6}"
EndProject
Global
	GlobalSection(SolutionConfigurationPlatforms) = preSolution
		Debug|Any CPU = Debug|Any CPU
		Release|Any CPU = Release|Any CPU
	EndGlobalSection
	GlobalSection(ProjectConfigurationPlatforms) = postSolution
		{438C8A18-3E79-4A3C-AE6C-1A7DC4295BF6}.Debug|Any CPU.ActiveCfg = Debug|Any CPU
		{438C8A18-3E79-4A3C-AE6C-1A7DC4295BF6}.Debug|Any CPU.Build.0 = Debug|Any CPU
		{438C8A18-3E79-4A3C-AE6C-1A7DC4295BF6}.Release|Any CPU.ActiveCfg = Release|Any CPU
		{438C8A18-3E79-4A3C-AE6C-1A7DC4295BF6}.Release|Any CPU.Build.0 = Release|Any CPU
	EndGlobalSection
	GlobalSection(SolutionProperties) = preSolution
		HideSolutionNode = FALSE
	EndGlobalSection
	GlobalSection(NestedProjects) = preSolution
		{438C8A18-3E79-4A3C-AE6C-1A7DC4295BF6} = {A780023F-F443-49B5-9749-68CCE60D97A9}
	EndGlobalSection
	GlobalSection(ExtensibilityGlobals) = postSolution
		SolutionGuid = {14D000C7-3A7A-4A7D-981E-3A9B40B24002}
	EndGlobalSection
EndGlobal
